
Microsoft Visual Studio Solution File, Format Version 12.00
# Visual Studio Version 17
VisualStudioVersion = 17.13.35919.96
MinimumVisualStudioVersion = 10.0.40219.1
Project("{54A90642-561A-4BB1-A94E-469ADEE60C69}") = "rubikcube.client", "rubikcube.client\rubikcube.client.esproj", "{3CAED629-97AB-F013-9DAE-BC2B62886A48}"
EndProject
Project("{FAE04EC0-301F-11D3-BF4B-00C04F79EFBC}") = "RubikCube.Server", "RubikCube.Server\RubikCube.Server.csproj", "{A8338108-D2BC-4EC5-96E9-AFEF76EAD2D6}"
EndProject
Project("{FAE04EC0-301F-11D3-BF4B-00C04F79EFBC}") = "RubikCube.Tests", "RubikCube.Tests\RubikCube.Tests.csproj", "{ACA97258-E733-49A1-B529-8D54800CBCEB}"
EndProject
Global
	GlobalSection(SolutionConfigurationPlatforms) = preSolution
		Debug|Any CPU = Debug|Any CPU
		Release|Any CPU = Release|Any CPU
	EndGlobalSection
	GlobalSection(ProjectConfigurationPlatforms) = postSolution
		{3CAED629-97AB-F013-9DAE-BC2B62886A48}.Debug|Any CPU.ActiveCfg = Debug|Any CPU
		{3CAED629-97AB-F013-9DAE-BC2B62886A48}.Debug|Any CPU.Build.0 = Debug|Any CPU
		{3CAED629-97AB-F013-9DAE-BC2B62886A48}.Debug|Any CPU.Deploy.0 = Debug|Any CPU
		{3CAED629-97AB-F013-9DAE-BC2B62886A48}.Release|Any CPU.ActiveCfg = Release|Any CPU
		{3CAED629-97AB-F013-9DAE-BC2B62886A48}.Release|Any CPU.Build.0 = Release|Any CPU
		{3CAED629-97AB-F013-9DAE-BC2B62886A48}.Release|Any CPU.Deploy.0 = Release|Any CPU
		{A8338108-D2BC-4EC5-96E9-AFEF76EAD2D6}.Debug|Any CPU.ActiveCfg = Debug|Any CPU
		{A8338108-D2BC-4EC5-96E9-AFEF76EAD2D6}.Debug|Any CPU.Build.0 = Debug|Any CPU
		{A8338108-D2BC-4EC5-96E9-AFEF76EAD2D6}.Release|Any CPU.ActiveCfg = Release|Any CPU
		{A8338108-D2BC-4EC5-96E9-AFEF76EAD2D6}.Release|Any CPU.Build.0 = Release|Any CPU
		{ACA97258-E733-49A1-B529-8D54800CBCEB}.Debug|Any CPU.ActiveCfg = Debug|Any CPU
		{ACA97258-E733-49A1-B529-8D54800CBCEB}.Debug|Any CPU.Build.0 = Debug|Any CPU
		{ACA97258-E733-49A1-B529-8D54800CBCEB}.Release|Any CPU.ActiveCfg = Release|Any CPU
		{ACA97258-E733-49A1-B529-8D54800CBCEB}.Release|Any CPU.Build.0 = Release|Any CPU
	EndGlobalSection
	GlobalSection(SolutionProperties) = preSolution
		HideSolutionNode = FALSE
	EndGlobalSection
	GlobalSection(ExtensibilityGlobals) = postSolution
		SolutionGuid = {7DA74AC5-7BA5-48B9-AFFF-3209FA27E88D}
	EndGlobalSection
EndGlobal
